
Microsoft Visual Studio Solution File, Format Version 12.00
# Visual Studio Version 16
VisualStudioVersion = 16.0.30717.126
MinimumVisualStudioVersion = 10.0.40219.1
Project("{FAE04EC0-301F-11D3-BF4B-00C04F79EFBC}") = "Vlan", "Vlan\Vlan.csproj", "{AC3DC501-ABC9-4A73-8D2C-28379718DF2A}"
EndProject
Global
	GlobalSection(SolutionConfigurationPlatforms) = preSolution
		Debug|Any CPU = Debug|Any CPU
		Release|Any CPU = Release|Any CPU
	EndGlobalSection
	GlobalSection(ProjectConfigurationPlatforms) = postSolution
		{AC3DC501-ABC9-4A73-8D2C-28379718DF2A}.Debug|Any CPU.ActiveCfg = Debug|Any CPU
		{AC3DC501-ABC9-4A73-8D2C-28379718DF2A}.Debug|Any CPU.Build.0 = Debug|Any CPU
		{AC3DC501-ABC9-4A73-8D2C-28379718DF2A}.Release|Any CPU.ActiveCfg = Release|Any CPU
		{AC3DC501-ABC9-4A73-8D2C-28379718DF2A}.Release|Any CPU.Build.0 = Release|Any CPU
	EndGlobalSection
	GlobalSection(SolutionProperties) = preSolution
		HideSolutionNode = FALSE
	EndGlobalSection
	GlobalSection(ExtensibilityGlobals) = postSolution
		SolutionGuid = {6659B7A6-DB32-48B1-9B59-9E618B483CEB}
	EndGlobalSection
EndGlobal
